
Microsoft Visual Studio Solution File, Format Version 12.00
# Visual Studio 15
Project("{FAE04EC0-301F-11D3-BF4B-00C04F79EFBC}") = "photoviewer.Droid", "Droid\photoviewer.Droid.csproj", "{9902AAAE-5CA4-4E1C-A1C4-7AEE25107C5C}"
EndProject
Project("{FAE04EC0-301F-11D3-BF4B-00C04F79EFBC}") = "photoviewer.iOS", "iOS\photoviewer.iOS.csproj", "{43FFC5E5-1FB5-4E29-98B1-7109694B569A}"
EndProject
Project("{FAE04EC0-301F-11D3-BF4B-00C04F79EFBC}") = "photoviewer", "photoviewer\photoviewer.csproj", "{640A50EE-A077-4E56-99F7-7BACF0A74084}"
EndProject
Project("{FAE04EC0-301F-11D3-BF4B-00C04F79EFBC}") = "photoviewer.Core", "photoviewer.core\photoviewer.core.csproj", "{6B9DE72F-AC41-47DA-B985-DF8E341BC4B0}"
EndProject
Project("{FAE04EC0-301F-11D3-BF4B-00C04F79EFBC}") = "photoviewer.Domain", "photoviewer.domain\photoviewer.domain.csproj", "{BFC12B3A-6496-49EB-A45D-741DA36B0E30}"
EndProject
Global
	GlobalSection(SolutionConfigurationPlatforms) = preSolution
		Debug|Any CPU = Debug|Any CPU
		Release|Any CPU = Release|Any CPU
		Debug|iPhoneSimulator = Debug|iPhoneSimulator
		Release|iPhone = Release|iPhone
		Release|iPhoneSimulator = Release|iPhoneSimulator
		Debug|iPhone = Debug|iPhone
	EndGlobalSection
	GlobalSection(ProjectConfigurationPlatforms) = postSolution
		{9902AAAE-5CA4-4E1C-A1C4-7AEE25107C5C}.Debug|Any CPU.ActiveCfg = Debug|Any CPU
		{9902AAAE-5CA4-4E1C-A1C4-7AEE25107C5C}.Debug|Any CPU.Build.0 = Debug|Any CPU
		{9902AAAE-5CA4-4E1C-A1C4-7AEE25107C5C}.Release|Any CPU.ActiveCfg = Release|Any CPU
		{9902AAAE-5CA4-4E1C-A1C4-7AEE25107C5C}.Release|Any CPU.Build.0 = Release|Any CPU
		{9902AAAE-5CA4-4E1C-A1C4-7AEE25107C5C}.Debug|iPhoneSimulator.ActiveCfg = Debug|Any CPU
		{9902AAAE-5CA4-4E1C-A1C4-7AEE25107C5C}.Debug|iPhoneSimulator.Build.0 = Debug|Any CPU
		{9902AAAE-5CA4-4E1C-A1C4-7AEE25107C5C}.Release|iPhone.ActiveCfg = Release|Any CPU
		{9902AAAE-5CA4-4E1C-A1C4-7AEE25107C5C}.Release|iPhone.Build.0 = Release|Any CPU
		{9902AAAE-5CA4-4E1C-A1C4-7AEE25107C5C}.Release|iPhoneSimulator.ActiveCfg = Release|Any CPU
		{9902AAAE-5CA4-4E1C-A1C4-7AEE25107C5C}.Release|iPhoneSimulator.Build.0 = Release|Any CPU
		{9902AAAE-5CA4-4E1C-A1C4-7AEE25107C5C}.Debug|iPhone.ActiveCfg = Debug|Any CPU
		{9902AAAE-5CA4-4E1C-A1C4-7AEE25107C5C}.Debug|iPhone.Build.0 = Debug|Any CPU
		{43FFC5E5-1FB5-4E29-98B1-7109694B569A}.Debug|Any CPU.ActiveCfg = Debug|iPhoneSimulator
		{43FFC5E5-1FB5-4E29-98B1-7109694B569A}.Debug|Any CPU.Build.0 = Debug|iPhoneSimulator
		{43FFC5E5-1FB5-4E29-98B1-7109694B569A}.Release|Any CPU.ActiveCfg = Release|iPhone
		{43FFC5E5-1FB5-4E29-98B1-7109694B569A}.Release|Any CPU.Build.0 = Release|iPhone
		{43FFC5E5-1FB5-4E29-98B1-7109694B569A}.Debug|iPhoneSimulator.ActiveCfg = Debug|iPhoneSimulator
		{43FFC5E5-1FB5-4E29-98B1-7109694B569A}.Debug|iPhoneSimulator.Build.0 = Debug|iPhoneSimulator
		{43FFC5E5-1FB5-4E29-98B1-7109694B569A}.Release|iPhone.ActiveCfg = Release|iPhone
		{43FFC5E5-1FB5-4E29-98B1-7109694B569A}.Release|iPhone.Build.0 = Release|iPhone
		{43FFC5E5-1FB5-4E29-98B1-7109694B569A}.Release|iPhoneSimulator.ActiveCfg = Release|iPhoneSimulator
		{43FFC5E5-1FB5-4E29-98B1-7109694B569A}.Release|iPhoneSimulator.Build.0 = Release|iPhoneSimulator
		{43FFC5E5-1FB5-4E29-98B1-7109694B569A}.Debug|iPhone.ActiveCfg = Debug|iPhone
		{43FFC5E5-1FB5-4E29-98B1-7109694B569A}.Debug|iPhone.Build.0 = Debug|iPhone
		{640A50EE-A077-4E56-99F7-7BACF0A74084}.Debug|Any CPU.ActiveCfg = Debug|Any CPU
		{640A50EE-A077-4E56-99F7-7BACF0A74084}.Debug|Any CPU.Build.0 = Debug|Any CPU
		{640A50EE-A077-4E56-99F7-7BACF0A74084}.Release|Any CPU.ActiveCfg = Release|Any CPU
		{640A50EE-A077-4E56-99F7-7BACF0A74084}.Release|Any CPU.Build.0 = Release|Any CPU
		{640A50EE-A077-4E56-99F7-7BACF0A74084}.Debug|iPhoneSimulator.ActiveCfg = Debug|Any CPU
		{640A50EE-A077-4E56-99F7-7BACF0A74084}.Debug|iPhoneSimulator.Build.0 = Debug|Any CPU
		{640A50EE-A077-4E56-99F7-7BACF0A74084}.Release|iPhone.ActiveCfg = Release|Any CPU
		{640A50EE-A077-4E56-99F7-7BACF0A74084}.Release|iPhone.Build.0 = Release|Any CPU
		{640A50EE-A077-4E56-99F7-7BACF0A74084}.Release|iPhoneSimulator.ActiveCfg = Release|Any CPU
		{640A50EE-A077-4E56-99F7-7BACF0A74084}.Release|iPhoneSimulator.Build.0 = Release|Any CPU
		{640A50EE-A077-4E56-99F7-7BACF0A74084}.Debug|iPhone.ActiveCfg = Debug|Any CPU
		{640A50EE-A077-4E56-99F7-7BACF0A74084}.Debug|iPhone.Build.0 = Debug|Any CPU
		{6B9DE72F-AC41-47DA-B985-DF8E341BC4B0}.Debug|Any CPU.ActiveCfg = Debug|Any CPU
		{6B9DE72F-AC41-47DA-B985-DF8E341BC4B0}.Debug|Any CPU.Build.0 = Debug|Any CPU
		{6B9DE72F-AC41-47DA-B985-DF8E341BC4B0}.Release|Any CPU.ActiveCfg = Release|Any CPU
		{6B9DE72F-AC41-47DA-B985-DF8E341BC4B0}.Release|Any CPU.Build.0 = Release|Any CPU
		{6B9DE72F-AC41-47DA-B985-DF8E341BC4B0}.Debug|iPhoneSimulator.ActiveCfg = Debug|Any CPU
		{6B9DE72F-AC41-47DA-B985-DF8E341BC4B0}.Debug|iPhoneSimulator.Build.0 = Debug|Any CPU
		{6B9DE72F-AC41-47DA-B985-DF8E341BC4B0}.Release|iPhone.ActiveCfg = Release|Any CPU
		{6B9DE72F-AC41-47DA-B985-DF8E341BC4B0}.Release|iPhone.Build.0 = Release|Any CPU
		{6B9DE72F-AC41-47DA-B985-DF8E341BC4B0}.Release|iPhoneSimulator.ActiveCfg = Release|Any CPU
		{6B9DE72F-AC41-47DA-B985-DF8E341BC4B0}.Release|iPhoneSimulator.Build.0 = Release|Any CPU
		{6B9DE72F-AC41-47DA-B985-DF8E341BC4B0}.Debug|iPhone.ActiveCfg = Debug|Any CPU
		{6B9DE72F-AC41-47DA-B985-DF8E341BC4B0}.Debug|iPhone.Build.0 = Debug|Any CPU
		{BFC12B3A-6496-49EB-A45D-741DA36B0E30}.Debug|Any CPU.ActiveCfg = Debug|Any CPU
		{BFC12B3A-6496-49EB-A45D-741DA36B0E30}.Debug|Any CPU.Build.0 = Debug|Any CPU
		{BFC12B3A-6496-49EB-A45D-741DA36B0E30}.Release|Any CPU.ActiveCfg = Release|Any CPU
		{BFC12B3A-6496-49EB-A45D-741DA36B0E30}.Release|Any CPU.Build.0 = Release|Any CPU
		{BFC12B3A-6496-49EB-A45D-741DA36B0E30}.Debug|iPhoneSimulator.ActiveCfg = Debug|Any CPU
		{BFC12B3A-6496-49EB-A45D-741DA36B0E30}.Debug|iPhoneSimulator.Build.0 = Debug|Any CPU
		{BFC12B3A-6496-49EB-A45D-741DA36B0E30}.Release|iPhone.ActiveCfg = Release|Any CPU
		{BFC12B3A-6496-49EB-A45D-741DA36B0E30}.Release|iPhone.Build.0 = Release|Any CPU
		{BFC12B3A-6496-49EB-A45D-741DA36B0E30}.Release|iPhoneSimulator.ActiveCfg = Release|Any CPU
		{BFC12B3A-6496-49EB-A45D-741DA36B0E30}.Release|iPhoneSimulator.Build.0 = Release|Any CPU
		{BFC12B3A-6496-49EB-A45D-741DA36B0E30}.Debug|iPhone.ActiveCfg = Debug|Any CPU
		{BFC12B3A-6496-49EB-A45D-741DA36B0E30}.Debug|iPhone.Build.0 = Debug|Any CPU
	EndGlobalSection
EndGlobal
